// !$*UTF8*$!
{
	archiveVersion = 1;
	classes = {
	};
	objectVersion = 50;
	objects = {

/* Begin PBXBuildFile section */
		B6C4448F25AF5E2000ED168C /* AppDelegate.swift in Sources */ = {isa = PBXBuildFile; fileRef = B6C4448E25AF5E2000ED168C /* AppDelegate.swift */; };
		B6C4449125AF5E2000ED168C /* SceneDelegate.swift in Sources */ = {isa = PBXBuildFile; fileRef = B6C4449025AF5E2000ED168C /* SceneDelegate.swift */; };
		B6C4449325AF5E2000ED168C /* ContentView.swift in Sources */ = {isa = PBXBuildFile; fileRef = B6C4449225AF5E2000ED168C /* ContentView.swift */; };
		B6C4449525AF5E2100ED168C /* Assets.xcassets in Resources */ = {isa = PBXBuildFile; fileRef = B6C4449425AF5E2100ED168C /* Assets.xcassets */; };
		B6C4449825AF5E2100ED168C /* Preview Assets.xcassets in Resources */ = {isa = PBXBuildFile; fileRef = B6C4449725AF5E2100ED168C /* Preview Assets.xcassets */; };
		B6C4449B25AF5E2100ED168C /* LaunchScreen.storyboard in Resources */ = {isa = PBXBuildFile; fileRef = B6C4449925AF5E2100ED168C /* LaunchScreen.storyboard */; };
/* End PBXBuildFile section */

/* Begin PBXFileReference section */
		B6C4448B25AF5E2000ED168C /* buttons.app */ = {isa = PBXFileReference; explicitFileType = wrapper.application; includeInIndex = 0; path = buttons.app; sourceTree = BUILT_PRODUCTS_DIR; };
		B6C4448E25AF5E2000ED168C /* AppDelegate.swift */ = {isa = PBXFileReference; lastKnownFileType = sourcecode.swift; path = AppDelegate.swift; sourceTree = "<group>"; };
		B6C4449025AF5E2000ED168C /* SceneDelegate.swift */ = {isa = PBXFileReference; lastKnownFileType = sourcecode.swift; path = SceneDelegate.swift; sourceTree = "<group>"; };
		B6C4449225AF5E2000ED168C /* ContentView.swift */ = {isa = PBXFileReference; lastKnownFileType = sourcecode.swift; path = ContentView.swift; sourceTree = "<group>"; };
		B6C4449425AF5E2100ED168C /* Assets.xcassets */ = {isa = PBXFileReference; lastKnownFileType = folder.assetcatalog; path = Assets.xcassets; sourceTree = "<group>"; };
		B6C4449725AF5E2100ED168C /* Preview Assets.xcassets */ = {isa = PBXFileReference; lastKnownFileType = folder.assetcatalog; path = "Preview Assets.xcassets"; sourceTree = "<group>"; };
		B6C4449A25AF5E2100ED168C /* Base */ = {isa = PBXFileReference; lastKnownFileType = file.storyboard; name = Base; path = Base.lproj/LaunchScreen.storyboard; sourceTree = "<group>"; };
		B6C4449C25AF5E2100ED168C /* Info.plist */ = {isa = PBXFileReference; lastKnownFileType = text.plist.xml; path = Info.plist; sourceTree = "<group>"; };
/* End PBXFileReference section */

/* Begin PBXFrameworksBuildPhase section */
		B6C4448825AF5E2000ED168C /* Frameworks */ = {
			isa = PBXFrameworksBuildPhase;
			buildActionMask = 2147483647;
			files = (
			);
			runOnlyForDeploymentPostprocessing = 0;
		};
/* End PBXFrameworksBuildPhase section */

/* Begin PBXGroup section */
		B6C4448225AF5E2000ED168C = {
			isa = PBXGroup;
			children = (
				B6C4448D25AF5E2000ED168C /* buttons */,
				B6C4448C25AF5E2000ED168C /* Products */,
			);
			sourceTree = "<group>";
		};
		B6C4448C25AF5E2000ED168C /* Products */ = {
			isa = PBXGroup;
			children = (
				B6C4448B25AF5E2000ED168C /* buttons.app */,
			);
			name = Products;
			sourceTree = "<group>";
		};
		B6C4448D25AF5E2000ED168C /* buttons */ = {
			isa = PBXGroup;
			children = (
				B6C4448E25AF5E2000ED168C /* AppDelegate.swift */,
				B6C4449025AF5E2000ED168C /* SceneDelegate.swift */,
				B6C4449225AF5E2000ED168C /* ContentView.swift */,
				B6C4449425AF5E2100ED168C /* Assets.xcassets */,
				B6C4449925AF5E2100ED168C /* LaunchScreen.storyboard */,
				B6C4449C25AF5E2100ED168C /* Info.plist */,
				B6C4449625AF5E2100ED168C /* Preview Content */,
			);
			path = buttons;
			sourceTree = "<group>";
		};
		B6C4449625AF5E2100ED168C /* Preview Content */ = {
			isa = PBXGroup;
			children = (
				B6C4449725AF5E2100ED168C /* Preview Assets.xcassets */,
			);
			path = "Preview Content";
			sourceTree = "<group>";
		};
/* End PBXGroup section */

/* Begin PBXNativeTarget section */
		B6C4448A25AF5E2000ED168C /* buttons */ = {
			isa = PBXNativeTarget;
			buildConfigurationList = B6C4449F25AF5E2100ED168C /* Build configuration list for PBXNativeTarget "buttons" */;
			buildPhases = (
				B6C4448725AF5E2000ED168C /* Sources */,
				B6C4448825AF5E2000ED168C /* Frameworks */,
				B6C4448925AF5E2000ED168C /* Resources */,
			);
			buildRules = (
			);
			dependencies = (
			);
			name = buttons;
			productName = buttons;
			productReference = B6C4448B25AF5E2000ED168C /* buttons.app */;
			productType = "com.apple.product-type.application";
		};
/* End PBXNativeTarget section */

/* Begin PBXProject section */
		B6C4448325AF5E2000ED168C /* Project object */ = {
			isa = PBXProject;
			attributes = {
				LastSwiftUpdateCheck = 1230;
				LastUpgradeCheck = 1230;
				TargetAttributes = {
					B6C4448A25AF5E2000ED168C = {
						CreatedOnToolsVersion = 12.3;
					};
				};
			};
			buildConfigurationList = B6C4448625AF5E2000ED168C /* Build configuration list for PBXProject "buttons" */;
			compatibilityVersion = "Xcode 9.3";
			developmentRegion = en;
			hasScannedForEncodings = 0;
			knownRegions = (
				en,
				Base,
			);
			mainGroup = B6C4448225AF5E2000ED168C;
			productRefGroup = B6C4448C25AF5E2000ED168C /* Products */;
			projectDirPath = "";
			projectRoot = "";
			targets = (
				B6C4448A25AF5E2000ED168C /* buttons */,
			);
		};
/* End PBXProject section */

/* Begin PBXResourcesBuildPhase section */
		B6C4448925AF5E2000ED168C /* Resources */ = {
			isa = PBXResourcesBuildPhase;
			buildActionMask = 2147483647;
			files = (
				B6C4449B25AF5E2100ED168C /* LaunchScreen.storyboard in Resources */,
				B6C4449825AF5E2100ED168C /* Preview Assets.xcassets in Resources */,
				B6C4449525AF5E2100ED168C /* Assets.xcassets in Resources */,
			);
			runOnlyForDeploymentPostprocessing = 0;
		};
/* End PBXResourcesBuildPhase section */

/* Begin PBXSourcesBuildPhase section */
		B6C4448725AF5E2000ED168C /* Sources */ = {
			isa = PBXSourcesBuildPhase;
			buildActionMask = 2147483647;
			files = (
				B6C4448F25AF5E2000ED168C /* AppDelegate.swift in Sources */,
				B6C4449125AF5E2000ED168C /* SceneDelegate.swift in Sources */,
				B6C4449325AF5E2000ED168C /* ContentView.swift in Sources */,
			);
			runOnlyForDeploymentPostprocessing = 0;
		};
/* End PBXSourcesBuildPhase section */

/* Begin PBXVariantGroup section */
		B6C4449925AF5E2100ED168C /* LaunchScreen.storyboard */ = {
			isa = PBXVariantGroup;
			children = (
				B6C4449A25AF5E2100ED168C /* Base */,
			);
			name = LaunchScreen.storyboard;
			sourceTree = "<group>";
		};
/* End PBXVariantGroup section */

/* Begin XCBuildConfiguration section */
		B6C4449D25AF5E2100ED168C /* Debug */ = {
			isa = XCBuildConfiguration;
			buildSettings = {
				ALWAYS_SEARCH_USER_PATHS = NO;
				CLANG_ANALYZER_NONNULL = YES;
				CLANG_ANALYZER_NUMBER_OBJECT_CONVERSION = YES_AGGRESSIVE;
				CLANG_CXX_LANGUAGE_STANDARD = "gnu++14";
				CLANG_CXX_LIBRARY = "libc++";
				CLANG_ENABLE_MODULES = YES;
				CLANG_ENABLE_OBJC_ARC = YES;
				CLANG_ENABLE_OBJC_WEAK = YES;
				CLANG_WARN_BLOCK_CAPTURE_AUTORELEASING = YES;
				CLANG_WARN_BOOL_CONVERSION = YES;
				CLANG_WARN_COMMA = YES;
				CLANG_WARN_CONSTANT_CONVERSION = YES;
				CLANG_WARN_DEPRECATED_OBJC_IMPLEMENTATIONS = YES;
				CLANG_WARN_DIRECT_OBJC_ISA_USAGE = YES_ERROR;
				CLANG_WARN_DOCUMENTATION_COMMENTS = YES;
				CLANG_WARN_EMPTY_BODY = YES;
				CLANG_WARN_ENUM_CONVERSION = YES;
				CLANG_WARN_INFINITE_RECURSION = YES;
				CLANG_WARN_INT_CONVERSION = YES;
				CLANG_WARN_NON_LITERAL_NULL_CONVERSION = YES;
				CLANG_WARN_OBJC_IMPLICIT_RETAIN_SELF = YES;
				CLANG_WARN_OBJC_LITERAL_CONVERSION = YES;
				CLANG_WARN_OBJC_ROOT_CLASS = YES_ERROR;
				CLANG_WARN_QUOTED_INCLUDE_IN_FRAMEWORK_HEADER = YES;
				CLANG_WARN_RANGE_LOOP_ANALYSIS = YES;
				CLANG_WARN_STRICT_PROTOTYPES = YES;
				CLANG_WARN_SUSPICIOUS_MOVE = YES;
				CLANG_WARN_UNGUARDED_AVAILABILITY = YES_AGGRESSIVE;
				CLANG_WARN_UNREACHABLE_CODE = YES;
				CLANG_WARN__DUPLICATE_METHOD_MATCH = YES;
				COPY_PHASE_STRIP = NO;
				DEBUG_INFORMATION_FORMAT = dwarf;
				ENABLE_STRICT_OBJC_MSGSEND = YES;
				ENABLE_TESTABILITY = YES;
				GCC_C_LANGUAGE_STANDARD = gnu11;
				GCC_DYNAMIC_NO_PIC = NO;
				GCC_NO_COMMON_BLOCKS = YES;
				GCC_OPTIMIZATION_LEVEL = 0;
				GCC_PREPROCESSOR_DEFINITIONS = (
					"DEBUG=1",
					"$(inherited)",
				);
				GCC_WARN_64_TO_32_BIT_CONVERSION = YES;
				GCC_WARN_ABOUT_RETURN_TYPE = YES_ERROR;
				GCC_WARN_UNDECLARED_SELECTOR = YES;
				GCC_WARN_UNINITIALIZED_AUTOS = YES_AGGRESSIVE;
				GCC_WARN_UNUSED_FUNCTION = YES;
				GCC_WARN_UNUSED_VARIABLE = YES;
				IPHONEOS_DEPLOYMENT_TARGET = 14.3;
				MTL_ENABLE_DEBUG_INFO = INCLUDE_SOURCE;
				MTL_FAST_MATH = YES;
				ONLY_ACTIVE_ARCH = YES;
				SDKROOT = iphoneos;
				SWIFT_ACTIVE_COMPILATION_CONDITIONS = DEBUG;
				SWIFT_OPTIMIZATION_LEVEL = "-Onone";
			};
			name = Debug;
		};
		B6C4449E25AF5E2100ED168C /* Release */ = {
			isa = XCBuildConfiguration;
			buildSettings = {
				ALWAYS_SEARCH_USER_PATHS = NO;
				CLANG_ANALYZER_NONNULL = YES;
				CLANG_ANALYZER_NUMBER_OBJECT_CONVERSION = YES_AGGRESSIVE;
				CLANG_CXX_LANGUAGE_STANDARD = "gnu++14";
				CLANG_CXX_LIBRARY = "libc++";
				CLANG_ENABLE_MODULES = YES;
				CLANG_ENABLE_OBJC_ARC = YES;
				CLANG_ENABLE_OBJC_WEAK = YES;
				CLANG_WARN_BLOCK_CAPTURE_AUTORELEASING = YES;
				CLANG_WARN_BOOL_CONVERSION = YES;
				CLANG_WARN_COMMA = YES;
				CLANG_WARN_CONSTANT_CONVERSION = YES;
				CLANG_WARN_DEPRECATED_OBJC_IMPLEMENTATIONS = YES;
				CLANG_WARN_DIRECT_OBJC_ISA_USAGE = YES_ERROR;
				CLANG_WARN_DOCUMENTATION_COMMENTS = YES;
				CLANG_WARN_EMPTY_BODY = YES;
				CLANG_WARN_ENUM_CONVERSION = YES;
				CLANG_WARN_INFINITE_RECURSION = YES;
				CLANG_WARN_INT_CONVERSION = YES;
				CLANG_WARN_NON_LITERAL_NULL_CONVERSION = YES;
				CLANG_WARN_OBJC_IMPLICIT_RETAIN_SELF = YES;
				CLANG_WARN_OBJC_LITERAL_CONVERSION = YES;
				CLANG_WARN_OBJC_ROOT_CLASS = YES_ERROR;
				CLANG_WARN_QUOTED_INCLUDE_IN_FRAMEWORK_HEADER = YES;
				CLANG_WARN_RANGE_LOOP_ANALYSIS = YES;
				CLANG_WARN_STRICT_PROTOTYPES = YES;
				CLANG_WARN_SUSPICIOUS_MOVE = YES;
				CLANG_WARN_UNGUARDED_AVAILABILITY = YES_AGGRESSIVE;
				CLANG_WARN_UNREACHABLE_CODE = YES;
				CLANG_WARN__DUPLICATE_METHOD_MATCH = YES;
				COPY_PHASE_STRIP = NO;
				DEBUG_INFORMATION_FORMAT = "dwarf-with-dsym";
				ENABLE_NS_ASSERTIONS = NO;
				ENABLE_STRICT_OBJC_MSGSEND = YES;
				GCC_C_LANGUAGE_STANDARD = gnu11;
				GCC_NO_COMMON_BLOCKS = YES;
				GCC_WARN_64_TO_32_BIT_CONVERSION = YES;
				GCC_WARN_ABOUT_RETURN_TYPE = YES_ERROR;
				GCC_WARN_UNDECLARED_SELECTOR = YES;
				GCC_WARN_UNINITIALIZED_AUTOS = YES_AGGRESSIVE;
				GCC_WARN_UNUSED_FUNCTION = YES;
				GCC_WARN_UNUSED_VARIABLE = YES;
				IPHONEOS_DEPLOYMENT_TARGET = 14.3;
				MTL_ENABLE_DEBUG_INFO = NO;
				MTL_FAST_MATH = YES;
				SDKROOT = iphoneos;
				SWIFT_COMPILATION_MODE = wholemodule;
				SWIFT_OPTIMIZATION_LEVEL = "-O";
				VALIDATE_PRODUCT = YES;
			};
			name = Release;
		};
		B6C444A025AF5E2100ED168C /* Debug */ = {
			isa = XCBuildConfiguration;
			buildSettings = {
				ASSETCATALOG_COMPILER_APPICON_NAME = AppIcon;
				ASSETCATALOG_COMPILER_GLOBAL_ACCENT_COLOR_NAME = AccentColor;
				CODE_SIGN_STYLE = Automatic;
				DEVELOPMENT_ASSET_PATHS = "\"buttons/Preview Content\"";
				DEVELOPMENT_TEAM = SBT42698ZV;
				ENABLE_PREVIEWS = YES;
				INFOPLIST_FILE = buttons/Info.plist;
				LD_RUNPATH_SEARCH_PATHS = (
					"$(inherited)",
					"@executable_path/Frameworks",
				);
				PRODUCT_BUNDLE_IDENTIFIER = com.fquispe.buttons;
				PRODUCT_NAME = "$(TARGET_NAME)";
				SWIFT_VERSION = 5.0;
				TARGETED_DEVICE_FAMILY = "1,2";
			};
			name = Debug;
		};
		B6C444A125AF5E2100ED168C /* Release */ = {
			isa = XCBuildConfiguration;
			buildSettings = {
				ASSETCATALOG_COMPILER_APPICON_NAME = AppIcon;
				ASSETCATALOG_COMPILER_GLOBAL_ACCENT_COLOR_NAME = AccentColor;
				CODE_SIGN_STYLE = Automatic;
				DEVELOPMENT_ASSET_PATHS = "\"buttons/Preview Content\"";
				DEVELOPMENT_TEAM = SBT42698ZV;
				ENABLE_PREVIEWS = YES;
				INFOPLIST_FILE = buttons/Info.plist;
				LD_RUNPATH_SEARCH_PATHS = (
					"$(inherited)",
					"@executable_path/Frameworks",
				);
				PRODUCT_BUNDLE_IDENTIFIER = com.fquispe.buttons;
				PRODUCT_NAME = "$(TARGET_NAME)";
				SWIFT_VERSION = 5.0;
				TARGETED_DEVICE_FAMILY = "1,2";
			};
			name = Release;
		};
/* End XCBuildConfiguration section */

/* Begin XCConfigurationList section */
		B6C4448625AF5E2000ED168C /* Build configuration list for PBXProject "buttons" */ = {
			isa = XCConfigurationList;
			buildConfigurations = (
				B6C4449D25AF5E2100ED168C /* Debug */,
				B6C4449E25AF5E2100ED168C /* Release */,
			);
			defaultConfigurationIsVisible = 0;
			defaultConfigurationName = Release;
		};
		B6C4449F25AF5E2100ED168C /* Build configuration list for PBXNativeTarget "buttons" */ = {
			isa = XCConfigurationList;
			buildConfigurations = (
				B6C444A025AF5E2100ED168C /* Debug */,
				B6C444A125AF5E2100ED168C /* Release */,
			);
			defaultConfigurationIsVisible = 0;
			defaultConfigurationName = Release;
		};
/* End XCConfigurationList section */
	};
	rootObject = B6C4448325AF5E2000ED168C /* Project object */;
}
